
Microsoft Visual Studio Solution File, Format Version 12.00
# Visual Studio Version 16
VisualStudioVersion = 16.0.31702.278
MinimumVisualStudioVersion = 10.0.40219.1
Project("{8BC9CEB8-8B4A-11D0-8D11-00A0C91BC942}") = "PianoCore", "PianoCore\PianoCore.vcxproj", "{A843C461-DB8D-42DC-8179-42FADC0D6B89}"
EndProject
Global
	GlobalSection(SolutionConfigurationPlatforms) = preSolution
		Debug|x64 = Debug|x64
		Release|x64 = Release|x64
	EndGlobalSection
	GlobalSection(ProjectConfigurationPlatforms) = postSolution
		{A843C461-DB8D-42DC-8179-42FADC0D6B89}.Debug|x64.ActiveCfg = Debug|x64
		{A843C461-DB8D-42DC-8179-42FADC0D6B89}.Debug|x64.Build.0 = Debug|x64
		{A843C461-DB8D-42DC-8179-42FADC0D6B89}.Release|x64.ActiveCfg = Release|x64
		{A843C461-DB8D-42DC-8179-42FADC0D6B89}.Release|x64.Build.0 = Release|x64
	EndGlobalSection
	GlobalSection(SolutionProperties) = preSolution
		HideSolutionNode = FALSE
	EndGlobalSection
	GlobalSection(ExtensibilityGlobals) = postSolution
		SolutionGuid = {EC8D3926-FC44-4A32-8A5B-415160B743F3}
	EndGlobalSection
EndGlobal
